
Microsoft Visual Studio Solution File, Format Version 12.00
# Visual Studio Version 17
VisualStudioVersion = 17.4.33213.308
MinimumVisualStudioVersion = 10.0.40219.1
Project("{FAE04EC0-301F-11D3-BF4B-00C04F79EFBC}") = "Day of Week", "Day of Week\Day of Week.csproj", "{31C55855-0E36-4A45-9A0C-36424EE9D2BB}"
EndProject
Global
	GlobalSection(SolutionConfigurationPlatforms) = preSolution
		Debug|Any CPU = Debug|Any CPU
		Release|Any CPU = Release|Any CPU
	EndGlobalSection
	GlobalSection(ProjectConfigurationPlatforms) = postSolution
		{31C55855-0E36-4A45-9A0C-36424EE9D2BB}.Debug|Any CPU.ActiveCfg = Debug|Any CPU
		{31C55855-0E36-4A45-9A0C-36424EE9D2BB}.Debug|Any CPU.Build.0 = Debug|Any CPU
		{31C55855-0E36-4A45-9A0C-36424EE9D2BB}.Release|Any CPU.ActiveCfg = Release|Any CPU
		{31C55855-0E36-4A45-9A0C-36424EE9D2BB}.Release|Any CPU.Build.0 = Release|Any CPU
	EndGlobalSection
	GlobalSection(SolutionProperties) = preSolution
		HideSolutionNode = FALSE
	EndGlobalSection
	GlobalSection(ExtensibilityGlobals) = postSolution
		SolutionGuid = {E5A690E7-6E9E-47B1-A913-10533F2768AE}
	EndGlobalSection
EndGlobal
